// !$*UTF8*$!
{
	archiveVersion = 1;
	classes = {
	};
	objectVersion = 55;
	objects = {

/* Begin PBXBuildFile section */
		5B8E27DB2709943F0060FB4E /* unsplash_pickerApp.swift in Sources */ = {isa = PBXBuildFile; fileRef = 5B8E27DA2709943F0060FB4E /* unsplash_pickerApp.swift */; };
		5B8E27DD2709943F0060FB4E /* ContentView.swift in Sources */ = {isa = PBXBuildFile; fileRef = 5B8E27DC2709943F0060FB4E /* ContentView.swift */; };
		5B8E27DF270994410060FB4E /* Assets.xcassets in Resources */ = {isa = PBXBuildFile; fileRef = 5B8E27DE270994410060FB4E /* Assets.xcassets */; };
		5B8E27E2270994410060FB4E /* Preview Assets.xcassets in Resources */ = {isa = PBXBuildFile; fileRef = 5B8E27E1270994410060FB4E /* Preview Assets.xcassets */; };
		5B8E27EC270994410060FB4E /* unsplash_pickerTests.swift in Sources */ = {isa = PBXBuildFile; fileRef = 5B8E27EB270994410060FB4E /* unsplash_pickerTests.swift */; };
		5B8E27F6270994410060FB4E /* unsplash_pickerUITests.swift in Sources */ = {isa = PBXBuildFile; fileRef = 5B8E27F5270994410060FB4E /* unsplash_pickerUITests.swift */; };
		5B8E27F8270994410060FB4E /* unsplash_pickerUITestsLaunchTests.swift in Sources */ = {isa = PBXBuildFile; fileRef = 5B8E27F7270994410060FB4E /* unsplash_pickerUITestsLaunchTests.swift */; };
		5B8E2805270997A80060FB4E /* unsplash-preview-tile.swift in Sources */ = {isa = PBXBuildFile; fileRef = 5B8E2804270997A80060FB4E /* unsplash-preview-tile.swift */; };
/* End PBXBuildFile section */

/* Begin PBXContainerItemProxy section */
		5B8E27E8270994410060FB4E /* PBXContainerItemProxy */ = {
			isa = PBXContainerItemProxy;
			containerPortal = 5B8E27CF2709943F0060FB4E /* Project object */;
			proxyType = 1;
			remoteGlobalIDString = 5B8E27D62709943F0060FB4E;
			remoteInfo = "unsplash-picker";
		};
		5B8E27F2270994410060FB4E /* PBXContainerItemProxy */ = {
			isa = PBXContainerItemProxy;
			containerPortal = 5B8E27CF2709943F0060FB4E /* Project object */;
			proxyType = 1;
			remoteGlobalIDString = 5B8E27D62709943F0060FB4E;
			remoteInfo = "unsplash-picker";
		};
/* End PBXContainerItemProxy section */

/* Begin PBXFileReference section */
		5B8E27D72709943F0060FB4E /* unsplash-picker.app */ = {isa = PBXFileReference; explicitFileType = wrapper.application; includeInIndex = 0; path = "unsplash-picker.app"; sourceTree = BUILT_PRODUCTS_DIR; };
		5B8E27DA2709943F0060FB4E /* unsplash_pickerApp.swift */ = {isa = PBXFileReference; lastKnownFileType = sourcecode.swift; path = unsplash_pickerApp.swift; sourceTree = "<group>"; };
		5B8E27DC2709943F0060FB4E /* ContentView.swift */ = {isa = PBXFileReference; lastKnownFileType = sourcecode.swift; path = ContentView.swift; sourceTree = "<group>"; };
		5B8E27DE270994410060FB4E /* Assets.xcassets */ = {isa = PBXFileReference; lastKnownFileType = folder.assetcatalog; path = Assets.xcassets; sourceTree = "<group>"; };
		5B8E27E1270994410060FB4E /* Preview Assets.xcassets */ = {isa = PBXFileReference; lastKnownFileType = folder.assetcatalog; path = "Preview Assets.xcassets"; sourceTree = "<group>"; };
		5B8E27E7270994410060FB4E /* unsplash-pickerTests.xctest */ = {isa = PBXFileReference; explicitFileType = wrapper.cfbundle; includeInIndex = 0; path = "unsplash-pickerTests.xctest"; sourceTree = BUILT_PRODUCTS_DIR; };
		5B8E27EB270994410060FB4E /* unsplash_pickerTests.swift */ = {isa = PBXFileReference; lastKnownFileType = sourcecode.swift; path = unsplash_pickerTests.swift; sourceTree = "<group>"; };
		5B8E27F1270994410060FB4E /* unsplash-pickerUITests.xctest */ = {isa = PBXFileReference; explicitFileType = wrapper.cfbundle; includeInIndex = 0; path = "unsplash-pickerUITests.xctest"; sourceTree = BUILT_PRODUCTS_DIR; };
		5B8E27F5270994410060FB4E /* unsplash_pickerUITests.swift */ = {isa = PBXFileReference; lastKnownFileType = sourcecode.swift; path = unsplash_pickerUITests.swift; sourceTree = "<group>"; };
		5B8E27F7270994410060FB4E /* unsplash_pickerUITestsLaunchTests.swift */ = {isa = PBXFileReference; lastKnownFileType = sourcecode.swift; path = unsplash_pickerUITestsLaunchTests.swift; sourceTree = "<group>"; };
		5B8E2804270997A80060FB4E /* unsplash-preview-tile.swift */ = {isa = PBXFileReference; lastKnownFileType = sourcecode.swift; path = "unsplash-preview-tile.swift"; sourceTree = "<group>"; };
/* End PBXFileReference section */

/* Begin PBXFrameworksBuildPhase section */
		5B8E27D42709943F0060FB4E /* Frameworks */ = {
			isa = PBXFrameworksBuildPhase;
			buildActionMask = 2147483647;
			files = (
			);
			runOnlyForDeploymentPostprocessing = 0;
		};
		5B8E27E4270994410060FB4E /* Frameworks */ = {
			isa = PBXFrameworksBuildPhase;
			buildActionMask = 2147483647;
			files = (
			);
			runOnlyForDeploymentPostprocessing = 0;
		};
		5B8E27EE270994410060FB4E /* Frameworks */ = {
			isa = PBXFrameworksBuildPhase;
			buildActionMask = 2147483647;
			files = (
			);
			runOnlyForDeploymentPostprocessing = 0;
		};
/* End PBXFrameworksBuildPhase section */

/* Begin PBXGroup section */
		5B8E27CE2709943F0060FB4E = {
			isa = PBXGroup;
			children = (
				5B8E27D92709943F0060FB4E /* unsplash-picker */,
				5B8E27EA270994410060FB4E /* unsplash-pickerTests */,
				5B8E27F4270994410060FB4E /* unsplash-pickerUITests */,
				5B8E27D82709943F0060FB4E /* Products */,
			);
			sourceTree = "<group>";
		};
		5B8E27D82709943F0060FB4E /* Products */ = {
			isa = PBXGroup;
			children = (
				5B8E27D72709943F0060FB4E /* unsplash-picker.app */,
				5B8E27E7270994410060FB4E /* unsplash-pickerTests.xctest */,
				5B8E27F1270994410060FB4E /* unsplash-pickerUITests.xctest */,
			);
			name = Products;
			sourceTree = "<group>";
		};
		5B8E27D92709943F0060FB4E /* unsplash-picker */ = {
			isa = PBXGroup;
			children = (
				5B8E2804270997A80060FB4E /* unsplash-preview-tile.swift */,
				5B8E27DA2709943F0060FB4E /* unsplash_pickerApp.swift */,
				5B8E27DC2709943F0060FB4E /* ContentView.swift */,
				5B8E27DE270994410060FB4E /* Assets.xcassets */,
				5B8E27E0270994410060FB4E /* Preview Content */,
			);
			path = "unsplash-picker";
			sourceTree = "<group>";
		};
		5B8E27E0270994410060FB4E /* Preview Content */ = {
			isa = PBXGroup;
			children = (
				5B8E27E1270994410060FB4E /* Preview Assets.xcassets */,
			);
			path = "Preview Content";
			sourceTree = "<group>";
		};
		5B8E27EA270994410060FB4E /* unsplash-pickerTests */ = {
			isa = PBXGroup;
			children = (
				5B8E27EB270994410060FB4E /* unsplash_pickerTests.swift */,
			);
			path = "unsplash-pickerTests";
			sourceTree = "<group>";
		};
		5B8E27F4270994410060FB4E /* unsplash-pickerUITests */ = {
			isa = PBXGroup;
			children = (
				5B8E27F5270994410060FB4E /* unsplash_pickerUITests.swift */,
				5B8E27F7270994410060FB4E /* unsplash_pickerUITestsLaunchTests.swift */,
			);
			path = "unsplash-pickerUITests";
			sourceTree = "<group>";
		};
/* End PBXGroup section */

/* Begin PBXNativeTarget section */
		5B8E27D62709943F0060FB4E /* unsplash-picker */ = {
			isa = PBXNativeTarget;
			buildConfigurationList = 5B8E27FB270994410060FB4E /* Build configuration list for PBXNativeTarget "unsplash-picker" */;
			buildPhases = (
				5B8E27D32709943F0060FB4E /* Sources */,
				5B8E27D42709943F0060FB4E /* Frameworks */,
				5B8E27D52709943F0060FB4E /* Resources */,
			);
			buildRules = (
			);
			dependencies = (
			);
			name = "unsplash-picker";
			productName = "unsplash-picker";
			productReference = 5B8E27D72709943F0060FB4E /* unsplash-picker.app */;
			productType = "com.apple.product-type.application";
		};
		5B8E27E6270994410060FB4E /* unsplash-pickerTests */ = {
			isa = PBXNativeTarget;
			buildConfigurationList = 5B8E27FE270994410060FB4E /* Build configuration list for PBXNativeTarget "unsplash-pickerTests" */;
			buildPhases = (
				5B8E27E3270994410060FB4E /* Sources */,
				5B8E27E4270994410060FB4E /* Frameworks */,
				5B8E27E5270994410060FB4E /* Resources */,
			);
			buildRules = (
			);
			dependencies = (
				5B8E27E9270994410060FB4E /* PBXTargetDependency */,
			);
			name = "unsplash-pickerTests";
			productName = "unsplash-pickerTests";
			productReference = 5B8E27E7270994410060FB4E /* unsplash-pickerTests.xctest */;
			productType = "com.apple.product-type.bundle.unit-test";
		};
		5B8E27F0270994410060FB4E /* unsplash-pickerUITests */ = {
			isa = PBXNativeTarget;
			buildConfigurationList = 5B8E2801270994410060FB4E /* Build configuration list for PBXNativeTarget "unsplash-pickerUITests" */;
			buildPhases = (
				5B8E27ED270994410060FB4E /* Sources */,
				5B8E27EE270994410060FB4E /* Frameworks */,
				5B8E27EF270994410060FB4E /* Resources */,
			);
			buildRules = (
			);
			dependencies = (
				5B8E27F3270994410060FB4E /* PBXTargetDependency */,
			);
			name = "unsplash-pickerUITests";
			productName = "unsplash-pickerUITests";
			productReference = 5B8E27F1270994410060FB4E /* unsplash-pickerUITests.xctest */;
			productType = "com.apple.product-type.bundle.ui-testing";
		};
/* End PBXNativeTarget section */

/* Begin PBXProject section */
		5B8E27CF2709943F0060FB4E /* Project object */ = {
			isa = PBXProject;
			attributes = {
				BuildIndependentTargetsInParallel = 1;
				LastSwiftUpdateCheck = 1300;
				LastUpgradeCheck = 1300;
				TargetAttributes = {
					5B8E27D62709943F0060FB4E = {
						CreatedOnToolsVersion = 13.0;
					};
					5B8E27E6270994410060FB4E = {
						CreatedOnToolsVersion = 13.0;
						TestTargetID = 5B8E27D62709943F0060FB4E;
					};
					5B8E27F0270994410060FB4E = {
						CreatedOnToolsVersion = 13.0;
						TestTargetID = 5B8E27D62709943F0060FB4E;
					};
				};
			};
			buildConfigurationList = 5B8E27D22709943F0060FB4E /* Build configuration list for PBXProject "unsplash-picker" */;
			compatibilityVersion = "Xcode 13.0";
			developmentRegion = en;
			hasScannedForEncodings = 0;
			knownRegions = (
				en,
				Base,
			);
			mainGroup = 5B8E27CE2709943F0060FB4E;
			productRefGroup = 5B8E27D82709943F0060FB4E /* Products */;
			projectDirPath = "";
			projectRoot = "";
			targets = (
				5B8E27D62709943F0060FB4E /* unsplash-picker */,
				5B8E27E6270994410060FB4E /* unsplash-pickerTests */,
				5B8E27F0270994410060FB4E /* unsplash-pickerUITests */,
			);
		};
/* End PBXProject section */

/* Begin PBXResourcesBuildPhase section */
		5B8E27D52709943F0060FB4E /* Resources */ = {
			isa = PBXResourcesBuildPhase;
			buildActionMask = 2147483647;
			files = (
				5B8E27E2270994410060FB4E /* Preview Assets.xcassets in Resources */,
				5B8E27DF270994410060FB4E /* Assets.xcassets in Resources */,
			);
			runOnlyForDeploymentPostprocessing = 0;
		};
		5B8E27E5270994410060FB4E /* Resources */ = {
			isa = PBXResourcesBuildPhase;
			buildActionMask = 2147483647;
			files = (
			);
			runOnlyForDeploymentPostprocessing = 0;
		};
		5B8E27EF270994410060FB4E /* Resources */ = {
			isa = PBXResourcesBuildPhase;
			buildActionMask = 2147483647;
			files = (
			);
			runOnlyForDeploymentPostprocessing = 0;
		};
/* End PBXResourcesBuildPhase section */

/* Begin PBXSourcesBuildPhase section */
		5B8E27D32709943F0060FB4E /* Sources */ = {
			isa = PBXSourcesBuildPhase;
			buildActionMask = 2147483647;
			files = (
				5B8E2805270997A80060FB4E /* unsplash-preview-tile.swift in Sources */,
				5B8E27DD2709943F0060FB4E /* ContentView.swift in Sources */,
				5B8E27DB2709943F0060FB4E /* unsplash_pickerApp.swift in Sources */,
			);
			runOnlyForDeploymentPostprocessing = 0;
		};
		5B8E27E3270994410060FB4E /* Sources */ = {
			isa = PBXSourcesBuildPhase;
			buildActionMask = 2147483647;
			files = (
				5B8E27EC270994410060FB4E /* unsplash_pickerTests.swift in Sources */,
			);
			runOnlyForDeploymentPostprocessing = 0;
		};
		5B8E27ED270994410060FB4E /* Sources */ = {
			isa = PBXSourcesBuildPhase;
			buildActionMask = 2147483647;
			files = (
				5B8E27F8270994410060FB4E /* unsplash_pickerUITestsLaunchTests.swift in Sources */,
				5B8E27F6270994410060FB4E /* unsplash_pickerUITests.swift in Sources */,
			);
			runOnlyForDeploymentPostprocessing = 0;
		};
/* End PBXSourcesBuildPhase section */

/* Begin PBXTargetDependency section */
		5B8E27E9270994410060FB4E /* PBXTargetDependency */ = {
			isa = PBXTargetDependency;
			target = 5B8E27D62709943F0060FB4E /* unsplash-picker */;
			targetProxy = 5B8E27E8270994410060FB4E /* PBXContainerItemProxy */;
		};
		5B8E27F3270994410060FB4E /* PBXTargetDependency */ = {
			isa = PBXTargetDependency;
			target = 5B8E27D62709943F0060FB4E /* unsplash-picker */;
			targetProxy = 5B8E27F2270994410060FB4E /* PBXContainerItemProxy */;
		};
/* End PBXTargetDependency section */

/* Begin XCBuildConfiguration section */
		5B8E27F9270994410060FB4E /* Debug */ = {
			isa = XCBuildConfiguration;
			buildSettings = {
				ALWAYS_SEARCH_USER_PATHS = NO;
				CLANG_ANALYZER_NONNULL = YES;
				CLANG_ANALYZER_NUMBER_OBJECT_CONVERSION = YES_AGGRESSIVE;
				CLANG_CXX_LANGUAGE_STANDARD = "gnu++17";
				CLANG_CXX_LIBRARY = "libc++";
				CLANG_ENABLE_MODULES = YES;
				CLANG_ENABLE_OBJC_ARC = YES;
				CLANG_ENABLE_OBJC_WEAK = YES;
				CLANG_WARN_BLOCK_CAPTURE_AUTORELEASING = YES;
				CLANG_WARN_BOOL_CONVERSION = YES;
				CLANG_WARN_COMMA = YES;
				CLANG_WARN_CONSTANT_CONVERSION = YES;
				CLANG_WARN_DEPRECATED_OBJC_IMPLEMENTATIONS = YES;
				CLANG_WARN_DIRECT_OBJC_ISA_USAGE = YES_ERROR;
				CLANG_WARN_DOCUMENTATION_COMMENTS = YES;
				CLANG_WARN_EMPTY_BODY = YES;
				CLANG_WARN_ENUM_CONVERSION = YES;
				CLANG_WARN_INFINITE_RECURSION = YES;
				CLANG_WARN_INT_CONVERSION = YES;
				CLANG_WARN_NON_LITERAL_NULL_CONVERSION = YES;
				CLANG_WARN_OBJC_IMPLICIT_RETAIN_SELF = YES;
				CLANG_WARN_OBJC_LITERAL_CONVERSION = YES;
				CLANG_WARN_OBJC_ROOT_CLASS = YES_ERROR;
				CLANG_WARN_QUOTED_INCLUDE_IN_FRAMEWORK_HEADER = YES;
				CLANG_WARN_RANGE_LOOP_ANALYSIS = YES;
				CLANG_WARN_STRICT_PROTOTYPES = YES;
				CLANG_WARN_SUSPICIOUS_MOVE = YES;
				CLANG_WARN_UNGUARDED_AVAILABILITY = YES_AGGRESSIVE;
				CLANG_WARN_UNREACHABLE_CODE = YES;
				CLANG_WARN__DUPLICATE_METHOD_MATCH = YES;
				COPY_PHASE_STRIP = NO;
				DEBUG_INFORMATION_FORMAT = dwarf;
				ENABLE_STRICT_OBJC_MSGSEND = YES;
				ENABLE_TESTABILITY = YES;
				GCC_C_LANGUAGE_STANDARD = gnu11;
				GCC_DYNAMIC_NO_PIC = NO;
				GCC_NO_COMMON_BLOCKS = YES;
				GCC_OPTIMIZATION_LEVEL = 0;
				GCC_PREPROCESSOR_DEFINITIONS = (
					"DEBUG=1",
					"$(inherited)",
				);
				GCC_WARN_64_TO_32_BIT_CONVERSION = YES;
				GCC_WARN_ABOUT_RETURN_TYPE = YES_ERROR;
				GCC_WARN_UNDECLARED_SELECTOR = YES;
				GCC_WARN_UNINITIALIZED_AUTOS = YES_AGGRESSIVE;
				GCC_WARN_UNUSED_FUNCTION = YES;
				GCC_WARN_UNUSED_VARIABLE = YES;
				IPHONEOS_DEPLOYMENT_TARGET = 15.0;
				MTL_ENABLE_DEBUG_INFO = INCLUDE_SOURCE;
				MTL_FAST_MATH = YES;
				ONLY_ACTIVE_ARCH = YES;
				SDKROOT = iphoneos;
				SWIFT_ACTIVE_COMPILATION_CONDITIONS = DEBUG;
				SWIFT_OPTIMIZATION_LEVEL = "-Onone";
			};
			name = Debug;
		};
		5B8E27FA270994410060FB4E /* Release */ = {
			isa = XCBuildConfiguration;
			buildSettings = {
				ALWAYS_SEARCH_USER_PATHS = NO;
				CLANG_ANALYZER_NONNULL = YES;
				CLANG_ANALYZER_NUMBER_OBJECT_CONVERSION = YES_AGGRESSIVE;
				CLANG_CXX_LANGUAGE_STANDARD = "gnu++17";
				CLANG_CXX_LIBRARY = "libc++";
				CLANG_ENABLE_MODULES = YES;
				CLANG_ENABLE_OBJC_ARC = YES;
				CLANG_ENABLE_OBJC_WEAK = YES;
				CLANG_WARN_BLOCK_CAPTURE_AUTORELEASING = YES;
				CLANG_WARN_BOOL_CONVERSION = YES;
				CLANG_WARN_COMMA = YES;
				CLANG_WARN_CONSTANT_CONVERSION = YES;
				CLANG_WARN_DEPRECATED_OBJC_IMPLEMENTATIONS = YES;
				CLANG_WARN_DIRECT_OBJC_ISA_USAGE = YES_ERROR;
				CLANG_WARN_DOCUMENTATION_COMMENTS = YES;
				CLANG_WARN_EMPTY_BODY = YES;
				CLANG_WARN_ENUM_CONVERSION = YES;
				CLANG_WARN_INFINITE_RECURSION = YES;
				CLANG_WARN_INT_CONVERSION = YES;
				CLANG_WARN_NON_LITERAL_NULL_CONVERSION = YES;
				CLANG_WARN_OBJC_IMPLICIT_RETAIN_SELF = YES;
				CLANG_WARN_OBJC_LITERAL_CONVERSION = YES;
				CLANG_WARN_OBJC_ROOT_CLASS = YES_ERROR;
				CLANG_WARN_QUOTED_INCLUDE_IN_FRAMEWORK_HEADER = YES;
				CLANG_WARN_RANGE_LOOP_ANALYSIS = YES;
				CLANG_WARN_STRICT_PROTOTYPES = YES;
				CLANG_WARN_SUSPICIOUS_MOVE = YES;
				CLANG_WARN_UNGUARDED_AVAILABILITY = YES_AGGRESSIVE;
				CLANG_WARN_UNREACHABLE_CODE = YES;
				CLANG_WARN__DUPLICATE_METHOD_MATCH = YES;
				COPY_PHASE_STRIP = NO;
				DEBUG_INFORMATION_FORMAT = "dwarf-with-dsym";
				ENABLE_NS_ASSERTIONS = NO;
				ENABLE_STRICT_OBJC_MSGSEND = YES;
				GCC_C_LANGUAGE_STANDARD = gnu11;
				GCC_NO_COMMON_BLOCKS = YES;
				GCC_WARN_64_TO_32_BIT_CONVERSION = YES;
				GCC_WARN_ABOUT_RETURN_TYPE = YES_ERROR;
				GCC_WARN_UNDECLARED_SELECTOR = YES;
				GCC_WARN_UNINITIALIZED_AUTOS = YES_AGGRESSIVE;
				GCC_WARN_UNUSED_FUNCTION = YES;
				GCC_WARN_UNUSED_VARIABLE = YES;
				IPHONEOS_DEPLOYMENT_TARGET = 15.0;
				MTL_ENABLE_DEBUG_INFO = NO;
				MTL_FAST_MATH = YES;
				SDKROOT = iphoneos;
				SWIFT_COMPILATION_MODE = wholemodule;
				SWIFT_OPTIMIZATION_LEVEL = "-O";
				VALIDATE_PRODUCT = YES;
			};
			name = Release;
		};
		5B8E27FC270994410060FB4E /* Debug */ = {
			isa = XCBuildConfiguration;
			buildSettings = {
				ASSETCATALOG_COMPILER_APPICON_NAME = AppIcon;
				ASSETCATALOG_COMPILER_GLOBAL_ACCENT_COLOR_NAME = AccentColor;
				CODE_SIGN_STYLE = Automatic;
				CURRENT_PROJECT_VERSION = 1;
				DEVELOPMENT_ASSET_PATHS = "\"unsplash-picker/Preview Content\"";
				ENABLE_PREVIEWS = YES;
				GENERATE_INFOPLIST_FILE = YES;
				INFOPLIST_KEY_UIApplicationSceneManifest_Generation = YES;
				INFOPLIST_KEY_UIApplicationSupportsIndirectInputEvents = YES;
				INFOPLIST_KEY_UILaunchScreen_Generation = YES;
				INFOPLIST_KEY_UISupportedInterfaceOrientations_iPad = "UIInterfaceOrientationPortrait UIInterfaceOrientationPortraitUpsideDown UIInterfaceOrientationLandscapeLeft UIInterfaceOrientationLandscapeRight";
				INFOPLIST_KEY_UISupportedInterfaceOrientations_iPhone = "UIInterfaceOrientationPortrait UIInterfaceOrientationLandscapeLeft UIInterfaceOrientationLandscapeRight";
				IPHONEOS_DEPLOYMENT_TARGET = 15.0;
				LD_RUNPATH_SEARCH_PATHS = (
					"$(inherited)",
					"@executable_path/Frameworks",
				);
				MARKETING_VERSION = 1.0;
				PRODUCT_BUNDLE_IDENTIFIER = "com.mohammedzayed.unsplash-picker";
				PRODUCT_NAME = "$(TARGET_NAME)";
				SWIFT_EMIT_LOC_STRINGS = YES;
				SWIFT_VERSION = 5.0;
				TARGETED_DEVICE_FAMILY = "1,2";
			};
			name = Debug;
		};
		5B8E27FD270994410060FB4E /* Release */ = {
			isa = XCBuildConfiguration;
			buildSettings = {
				ASSETCATALOG_COMPILER_APPICON_NAME = AppIcon;
				ASSETCATALOG_COMPILER_GLOBAL_ACCENT_COLOR_NAME = AccentColor;
				CODE_SIGN_STYLE = Automatic;
				CURRENT_PROJECT_VERSION = 1;
				DEVELOPMENT_ASSET_PATHS = "\"unsplash-picker/Preview Content\"";
				ENABLE_PREVIEWS = YES;
				GENERATE_INFOPLIST_FILE = YES;
				INFOPLIST_KEY_UIApplicationSceneManifest_Generation = YES;
				INFOPLIST_KEY_UIApplicationSupportsIndirectInputEvents = YES;
				INFOPLIST_KEY_UILaunchScreen_Generation = YES;
				INFOPLIST_KEY_UISupportedInterfaceOrientations_iPad = "UIInterfaceOrientationPortrait UIInterfaceOrientationPortraitUpsideDown UIInterfaceOrientationLandscapeLeft UIInterfaceOrientationLandscapeRight";
				INFOPLIST_KEY_UISupportedInterfaceOrientations_iPhone = "UIInterfaceOrientationPortrait UIInterfaceOrientationLandscapeLeft UIInterfaceOrientationLandscapeRight";
				IPHONEOS_DEPLOYMENT_TARGET = 15.0;
				LD_RUNPATH_SEARCH_PATHS = (
					"$(inherited)",
					"@executable_path/Frameworks",
				);
				MARKETING_VERSION = 1.0;
				PRODUCT_BUNDLE_IDENTIFIER = "com.mohammedzayed.unsplash-picker";
				PRODUCT_NAME = "$(TARGET_NAME)";
				SWIFT_EMIT_LOC_STRINGS = YES;
				SWIFT_VERSION = 5.0;
				TARGETED_DEVICE_FAMILY = "1,2";
			};
			name = Release;
		};
		5B8E27FF270994410060FB4E /* Debug */ = {
			isa = XCBuildConfiguration;
			buildSettings = {
				ALWAYS_EMBED_SWIFT_STANDARD_LIBRARIES = YES;
				BUNDLE_LOADER = "$(TEST_HOST)";
				CODE_SIGN_STYLE = Automatic;
				CURRENT_PROJECT_VERSION = 1;
				GENERATE_INFOPLIST_FILE = YES;
				IPHONEOS_DEPLOYMENT_TARGET = 14.0;
				LD_RUNPATH_SEARCH_PATHS = (
					"$(inherited)",
					"@executable_path/Frameworks",
					"@loader_path/Frameworks",
				);
				MARKETING_VERSION = 1.0;
				PRODUCT_BUNDLE_IDENTIFIER = "com.mohammedzayed.unsplash-pickerTests";
				PRODUCT_NAME = "$(TARGET_NAME)";
				SWIFT_EMIT_LOC_STRINGS = NO;
				SWIFT_VERSION = 5.0;
				TARGETED_DEVICE_FAMILY = "1,2";
				TEST_HOST = "$(BUILT_PRODUCTS_DIR)/unsplash-picker.app/unsplash-picker";
			};
			name = Debug;
		};
		5B8E2800270994410060FB4E /* Release */ = {
			isa = XCBuildConfiguration;
			buildSettings = {
				ALWAYS_EMBED_SWIFT_STANDARD_LIBRARIES = YES;
				BUNDLE_LOADER = "$(TEST_HOST)";
				CODE_SIGN_STYLE = Automatic;
				CURRENT_PROJECT_VERSION = 1;
				GENERATE_INFOPLIST_FILE = YES;
				IPHONEOS_DEPLOYMENT_TARGET = 14.0;
				LD_RUNPATH_SEARCH_PATHS = (
					"$(inherited)",
					"@executable_path/Frameworks",
					"@loader_path/Frameworks",
				);
				MARKETING_VERSION = 1.0;
				PRODUCT_BUNDLE_IDENTIFIER = "com.mohammedzayed.unsplash-pickerTests";
				PRODUCT_NAME = "$(TARGET_NAME)";
				SWIFT_EMIT_LOC_STRINGS = NO;
				SWIFT_VERSION = 5.0;
				TARGETED_DEVICE_FAMILY = "1,2";
				TEST_HOST = "$(BUILT_PRODUCTS_DIR)/unsplash-picker.app/unsplash-picker";
			};
			name = Release;
		};
		5B8E2802270994410060FB4E /* Debug */ = {
			isa = XCBuildConfiguration;
			buildSettings = {
				ALWAYS_EMBED_SWIFT_STANDARD_LIBRARIES = YES;
				CODE_SIGN_STYLE = Automatic;
				CURRENT_PROJECT_VERSION = 1;
				GENERATE_INFOPLIST_FILE = YES;
				LD_RUNPATH_SEARCH_PATHS = (
					"$(inherited)",
					"@executable_path/Frameworks",
					"@loader_path/Frameworks",
				);
				MARKETING_VERSION = 1.0;
				PRODUCT_BUNDLE_IDENTIFIER = "com.mohammedzayed.unsplash-pickerUITests";
				PRODUCT_NAME = "$(TARGET_NAME)";
				SWIFT_EMIT_LOC_STRINGS = NO;
				SWIFT_VERSION = 5.0;
				TARGETED_DEVICE_FAMILY = "1,2";
				TEST_TARGET_NAME = "unsplash-picker";
			};
			name = Debug;
		};
		5B8E2803270994410060FB4E /* Release */ = {
			isa = XCBuildConfiguration;
			buildSettings = {
				ALWAYS_EMBED_SWIFT_STANDARD_LIBRARIES = YES;
				CODE_SIGN_STYLE = Automatic;
				CURRENT_PROJECT_VERSION = 1;
				GENERATE_INFOPLIST_FILE = YES;
				LD_RUNPATH_SEARCH_PATHS = (
					"$(inherited)",
					"@executable_path/Frameworks",
					"@loader_path/Frameworks",
				);
				MARKETING_VERSION = 1.0;
				PRODUCT_BUNDLE_IDENTIFIER = "com.mohammedzayed.unsplash-pickerUITests";
				PRODUCT_NAME = "$(TARGET_NAME)";
				SWIFT_EMIT_LOC_STRINGS = NO;
				SWIFT_VERSION = 5.0;
				TARGETED_DEVICE_FAMILY = "1,2";
				TEST_TARGET_NAME = "unsplash-picker";
			};
			name = Release;
		};
/* End XCBuildConfiguration section */

/* Begin XCConfigurationList section */
		5B8E27D22709943F0060FB4E /* Build configuration list for PBXProject "unsplash-picker" */ = {
			isa = XCConfigurationList;
			buildConfigurations = (
				5B8E27F9270994410060FB4E /* Debug */,
				5B8E27FA270994410060FB4E /* Release */,
			);
			defaultConfigurationIsVisible = 0;
			defaultConfigurationName = Release;
		};
		5B8E27FB270994410060FB4E /* Build configuration list for PBXNativeTarget "unsplash-picker" */ = {
			isa = XCConfigurationList;
			buildConfigurations = (
				5B8E27FC270994410060FB4E /* Debug */,
				5B8E27FD270994410060FB4E /* Release */,
			);
			defaultConfigurationIsVisible = 0;
			defaultConfigurationName = Release;
		};
		5B8E27FE270994410060FB4E /* Build configuration list for PBXNativeTarget "unsplash-pickerTests" */ = {
			isa = XCConfigurationList;
			buildConfigurations = (
				5B8E27FF270994410060FB4E /* Debug */,
				5B8E2800270994410060FB4E /* Release */,
			);
			defaultConfigurationIsVisible = 0;
			defaultConfigurationName = Release;
		};
		5B8E2801270994410060FB4E /* Build configuration list for PBXNativeTarget "unsplash-pickerUITests" */ = {
			isa = XCConfigurationList;
			buildConfigurations = (
				5B8E2802270994410060FB4E /* Debug */,
				5B8E2803270994410060FB4E /* Release */,
			);
			defaultConfigurationIsVisible = 0;
			defaultConfigurationName = Release;
		};
/* End XCConfigurationList section */
	};
	rootObject = 5B8E27CF2709943F0060FB4E /* Project object */;
}
